
Microsoft Visual Studio Solution File, Format Version 12.00
# Visual Studio Version 17
VisualStudioVersion = 17.5.33516.290
MinimumVisualStudioVersion = 10.0.40219.1
Project("{FAE04EC0-301F-11D3-BF4B-00C04F79EFBC}") = "WMS_NetCore_MVC", "WMS_NetCore_MVC\WMS_NetCore_MVC.csproj", "{B356AE2F-E036-431D-9B87-C0A971A19D7B}"
EndProject
Global
	GlobalSection(SolutionConfigurationPlatforms) = preSolution
		Debug|Any CPU = Debug|Any CPU
		Release|Any CPU = Release|Any CPU
	EndGlobalSection
	GlobalSection(ProjectConfigurationPlatforms) = postSolution
		{B356AE2F-E036-431D-9B87-C0A971A19D7B}.Debug|Any CPU.ActiveCfg = Debug|Any CPU
		{B356AE2F-E036-431D-9B87-C0A971A19D7B}.Debug|Any CPU.Build.0 = Debug|Any CPU
		{B356AE2F-E036-431D-9B87-C0A971A19D7B}.Release|Any CPU.ActiveCfg = Release|Any CPU
		{B356AE2F-E036-431D-9B87-C0A971A19D7B}.Release|Any CPU.Build.0 = Release|Any CPU
	EndGlobalSection
	GlobalSection(SolutionProperties) = preSolution
		HideSolutionNode = FALSE
	EndGlobalSection
	GlobalSection(ExtensibilityGlobals) = postSolution
		SolutionGuid = {9F48C62C-D800-471C-BCC7-69BFE03833CB}
	EndGlobalSection
EndGlobal
